// !$*UTF8*$!
{
	archiveVersion = 1;
	classes = {
	};
	objectVersion = 56;
	objects = {

/* Begin PBXBuildFile section */
		51912A4E28F04A650044686C /* AppDelegate.swift in Sources */ = {isa = PBXBuildFile; fileRef = 51912A4D28F04A650044686C /* AppDelegate.swift */; };
		51912A5028F04A650044686C /* SceneDelegate.swift in Sources */ = {isa = PBXBuildFile; fileRef = 51912A4F28F04A650044686C /* SceneDelegate.swift */; };
		51912A5228F04A650044686C /* ViewController.swift in Sources */ = {isa = PBXBuildFile; fileRef = 51912A5128F04A650044686C /* ViewController.swift */; };
		51912A5528F04A650044686C /* Main.storyboard in Resources */ = {isa = PBXBuildFile; fileRef = 51912A5328F04A650044686C /* Main.storyboard */; };
		51912A5828F04A650044686C /* GolfAppMuster.xcdatamodeld in Sources */ = {isa = PBXBuildFile; fileRef = 51912A5628F04A650044686C /* GolfAppMuster.xcdatamodeld */; };
		51912A5A28F04A650044686C /* Assets.xcassets in Resources */ = {isa = PBXBuildFile; fileRef = 51912A5928F04A650044686C /* Assets.xcassets */; };
		51912A5D28F04A650044686C /* LaunchScreen.storyboard in Resources */ = {isa = PBXBuildFile; fileRef = 51912A5B28F04A650044686C /* LaunchScreen.storyboard */; };
		51C0458F2923E6E60025B9DF /* ScorecardTVCell.swift in Sources */ = {isa = PBXBuildFile; fileRef = 51C0458E2923E6E60025B9DF /* ScorecardTVCell.swift */; };
		51C045922925229C0025B9DF /* BahnModel.swift in Sources */ = {isa = PBXBuildFile; fileRef = 51C045912925229C0025B9DF /* BahnModel.swift */; };
		51C04594292524520025B9DF /* PlayerModel.swift in Sources */ = {isa = PBXBuildFile; fileRef = 51C04593292524520025B9DF /* PlayerModel.swift */; };
		51C04596292526B50025B9DF /* MatchModel.swift in Sources */ = {isa = PBXBuildFile; fileRef = 51C04595292526B50025B9DF /* MatchModel.swift */; };
		51C045982925291C0025B9DF /* RoundModel.swift in Sources */ = {isa = PBXBuildFile; fileRef = 51C045972925291C0025B9DF /* RoundModel.swift */; };
		51C0459A292529940025B9DF /* ClubModel.swift in Sources */ = {isa = PBXBuildFile; fileRef = 51C04599292529940025B9DF /* ClubModel.swift */; };
		51C0459C29252A8B0025B9DF /* SampleData.swift in Sources */ = {isa = PBXBuildFile; fileRef = 51C0459B29252A8B0025B9DF /* SampleData.swift */; };
		51FED10029116CCE007065B0 /* MatchViewController.swift in Sources */ = {isa = PBXBuildFile; fileRef = 51FED0FF29116CCE007065B0 /* MatchViewController.swift */; };
/* End PBXBuildFile section */

/* Begin PBXFileReference section */
		51912A4A28F04A650044686C /* GolfAppMuster.app */ = {isa = PBXFileReference; explicitFileType = wrapper.application; includeInIndex = 0; path = GolfAppMuster.app; sourceTree = BUILT_PRODUCTS_DIR; };
		51912A4D28F04A650044686C /* AppDelegate.swift */ = {isa = PBXFileReference; lastKnownFileType = sourcecode.swift; path = AppDelegate.swift; sourceTree = "<group>"; };
		51912A4F28F04A650044686C /* SceneDelegate.swift */ = {isa = PBXFileReference; lastKnownFileType = sourcecode.swift; path = SceneDelegate.swift; sourceTree = "<group>"; };
		51912A5128F04A650044686C /* ViewController.swift */ = {isa = PBXFileReference; lastKnownFileType = sourcecode.swift; path = ViewController.swift; sourceTree = "<group>"; };
		51912A5428F04A650044686C /* Base */ = {isa = PBXFileReference; lastKnownFileType = file.storyboard; name = Base; path = Base.lproj/Main.storyboard; sourceTree = "<group>"; };
		51912A5728F04A650044686C /* GolfAppMuster.xcdatamodel */ = {isa = PBXFileReference; lastKnownFileType = wrapper.xcdatamodel; path = GolfAppMuster.xcdatamodel; sourceTree = "<group>"; };
		51912A5928F04A650044686C /* Assets.xcassets */ = {isa = PBXFileReference; lastKnownFileType = folder.assetcatalog; path = Assets.xcassets; sourceTree = "<group>"; };
		51912A5C28F04A650044686C /* Base */ = {isa = PBXFileReference; lastKnownFileType = file.storyboard; name = Base; path = Base.lproj/LaunchScreen.storyboard; sourceTree = "<group>"; };
		51912A5E28F04A650044686C /* Info.plist */ = {isa = PBXFileReference; lastKnownFileType = text.plist.xml; path = Info.plist; sourceTree = "<group>"; };
		51C0458E2923E6E60025B9DF /* ScorecardTVCell.swift */ = {isa = PBXFileReference; lastKnownFileType = sourcecode.swift; path = ScorecardTVCell.swift; sourceTree = "<group>"; };
		51C045912925229C0025B9DF /* BahnModel.swift */ = {isa = PBXFileReference; lastKnownFileType = sourcecode.swift; path = BahnModel.swift; sourceTree = "<group>"; };
		51C04593292524520025B9DF /* PlayerModel.swift */ = {isa = PBXFileReference; lastKnownFileType = sourcecode.swift; path = PlayerModel.swift; sourceTree = "<group>"; };
		51C04595292526B50025B9DF /* MatchModel.swift */ = {isa = PBXFileReference; lastKnownFileType = sourcecode.swift; path = MatchModel.swift; sourceTree = "<group>"; };
		51C045972925291C0025B9DF /* RoundModel.swift */ = {isa = PBXFileReference; lastKnownFileType = sourcecode.swift; path = RoundModel.swift; sourceTree = "<group>"; };
		51C04599292529940025B9DF /* ClubModel.swift */ = {isa = PBXFileReference; lastKnownFileType = sourcecode.swift; path = ClubModel.swift; sourceTree = "<group>"; };
		51C0459B29252A8B0025B9DF /* SampleData.swift */ = {isa = PBXFileReference; lastKnownFileType = sourcecode.swift; path = SampleData.swift; sourceTree = "<group>"; };
		51FED0FF29116CCE007065B0 /* MatchViewController.swift */ = {isa = PBXFileReference; lastKnownFileType = sourcecode.swift; name = MatchViewController.swift; path = ../MatchViewController.swift; sourceTree = "<group>"; };
/* End PBXFileReference section */

/* Begin PBXFrameworksBuildPhase section */
		51912A4728F04A650044686C /* Frameworks */ = {
			isa = PBXFrameworksBuildPhase;
			buildActionMask = 2147483647;
			files = (
			);
			runOnlyForDeploymentPostprocessing = 0;
		};
/* End PBXFrameworksBuildPhase section */

/* Begin PBXGroup section */
		51912A4128F04A650044686C = {
			isa = PBXGroup;
			children = (
				51912A4C28F04A650044686C /* GolfAppMuster */,
				51912A4B28F04A650044686C /* Products */,
			);
			sourceTree = "<group>";
		};
		51912A4B28F04A650044686C /* Products */ = {
			isa = PBXGroup;
			children = (
				51912A4A28F04A650044686C /* GolfAppMuster.app */,
			);
			name = Products;
			sourceTree = "<group>";
		};
		51912A4C28F04A650044686C /* GolfAppMuster */ = {
			isa = PBXGroup;
			children = (
				51C04590292522720025B9DF /* model */,
				51C0458E2923E6E60025B9DF /* ScorecardTVCell.swift */,
				51912A4D28F04A650044686C /* AppDelegate.swift */,
				51912A4F28F04A650044686C /* SceneDelegate.swift */,
				51912A5128F04A650044686C /* ViewController.swift */,
				51FED0FF29116CCE007065B0 /* MatchViewController.swift */,
				51912A5328F04A650044686C /* Main.storyboard */,
				51912A5928F04A650044686C /* Assets.xcassets */,
				51912A5B28F04A650044686C /* LaunchScreen.storyboard */,
				51912A5E28F04A650044686C /* Info.plist */,
				51912A5628F04A650044686C /* GolfAppMuster.xcdatamodeld */,
				51C0459B29252A8B0025B9DF /* SampleData.swift */,
			);
			path = GolfAppMuster;
			sourceTree = "<group>";
		};
		51C04590292522720025B9DF /* model */ = {
			isa = PBXGroup;
			children = (
				51C045912925229C0025B9DF /* BahnModel.swift */,
				51C04593292524520025B9DF /* PlayerModel.swift */,
				51C04595292526B50025B9DF /* MatchModel.swift */,
				51C045972925291C0025B9DF /* RoundModel.swift */,
				51C04599292529940025B9DF /* ClubModel.swift */,
			);
			path = model;
			sourceTree = "<group>";
		};
/* End PBXGroup section */

/* Begin PBXNativeTarget section */
		51912A4928F04A650044686C /* GolfAppMuster */ = {
			isa = PBXNativeTarget;
			buildConfigurationList = 51912A6128F04A650044686C /* Build configuration list for PBXNativeTarget "GolfAppMuster" */;
			buildPhases = (
				51912A4628F04A650044686C /* Sources */,
				51912A4728F04A650044686C /* Frameworks */,
				51912A4828F04A650044686C /* Resources */,
			);
			buildRules = (
			);
			dependencies = (
			);
			name = GolfAppMuster;
			productName = GolfAppMuster;
			productReference = 51912A4A28F04A650044686C /* GolfAppMuster.app */;
			productType = "com.apple.product-type.application";
		};
/* End PBXNativeTarget section */

/* Begin PBXProject section */
		51912A4228F04A650044686C /* Project object */ = {
			isa = PBXProject;
			attributes = {
				BuildIndependentTargetsInParallel = 1;
				LastSwiftUpdateCheck = 1400;
				LastUpgradeCheck = 1400;
				TargetAttributes = {
					51912A4928F04A650044686C = {
						CreatedOnToolsVersion = 14.0;
					};
				};
			};
			buildConfigurationList = 51912A4528F04A650044686C /* Build configuration list for PBXProject "GolfAppMuster" */;
			compatibilityVersion = "Xcode 14.0";
			developmentRegion = en;
			hasScannedForEncodings = 0;
			knownRegions = (
				en,
				Base,
			);
			mainGroup = 51912A4128F04A650044686C;
			productRefGroup = 51912A4B28F04A650044686C /* Products */;
			projectDirPath = "";
			projectRoot = "";
			targets = (
				51912A4928F04A650044686C /* GolfAppMuster */,
			);
		};
/* End PBXProject section */

/* Begin PBXResourcesBuildPhase section */
		51912A4828F04A650044686C /* Resources */ = {
			isa = PBXResourcesBuildPhase;
			buildActionMask = 2147483647;
			files = (
				51912A5D28F04A650044686C /* LaunchScreen.storyboard in Resources */,
				51912A5A28F04A650044686C /* Assets.xcassets in Resources */,
				51912A5528F04A650044686C /* Main.storyboard in Resources */,
			);
			runOnlyForDeploymentPostprocessing = 0;
		};
/* End PBXResourcesBuildPhase section */

/* Begin PBXSourcesBuildPhase section */
		51912A4628F04A650044686C /* Sources */ = {
			isa = PBXSourcesBuildPhase;
			buildActionMask = 2147483647;
			files = (
				51C0459A292529940025B9DF /* ClubModel.swift in Sources */,
				51C04596292526B50025B9DF /* MatchModel.swift in Sources */,
				51FED10029116CCE007065B0 /* MatchViewController.swift in Sources */,
				51912A5228F04A650044686C /* ViewController.swift in Sources */,
				51C04594292524520025B9DF /* PlayerModel.swift in Sources */,
				51912A4E28F04A650044686C /* AppDelegate.swift in Sources */,
				51C045922925229C0025B9DF /* BahnModel.swift in Sources */,
				51C0459C29252A8B0025B9DF /* SampleData.swift in Sources */,
				51C045982925291C0025B9DF /* RoundModel.swift in Sources */,
				51912A5028F04A650044686C /* SceneDelegate.swift in Sources */,
				51C0458F2923E6E60025B9DF /* ScorecardTVCell.swift in Sources */,
				51912A5828F04A650044686C /* GolfAppMuster.xcdatamodeld in Sources */,
			);
			runOnlyForDeploymentPostprocessing = 0;
		};
/* End PBXSourcesBuildPhase section */

/* Begin PBXVariantGroup section */
		51912A5328F04A650044686C /* Main.storyboard */ = {
			isa = PBXVariantGroup;
			children = (
				51912A5428F04A650044686C /* Base */,
			);
			name = Main.storyboard;
			sourceTree = "<group>";
		};
		51912A5B28F04A650044686C /* LaunchScreen.storyboard */ = {
			isa = PBXVariantGroup;
			children = (
				51912A5C28F04A650044686C /* Base */,
			);
			name = LaunchScreen.storyboard;
			sourceTree = "<group>";
		};
/* End PBXVariantGroup section */

/* Begin XCBuildConfiguration section */
		51912A5F28F04A650044686C /* Debug */ = {
			isa = XCBuildConfiguration;
			buildSettings = {
				ALWAYS_SEARCH_USER_PATHS = NO;
				CLANG_ANALYZER_NONNULL = YES;
				CLANG_ANALYZER_NUMBER_OBJECT_CONVERSION = YES_AGGRESSIVE;
				CLANG_CXX_LANGUAGE_STANDARD = "gnu++20";
				CLANG_ENABLE_MODULES = YES;
				CLANG_ENABLE_OBJC_ARC = YES;
				CLANG_ENABLE_OBJC_WEAK = YES;
				CLANG_WARN_BLOCK_CAPTURE_AUTORELEASING = YES;
				CLANG_WARN_BOOL_CONVERSION = YES;
				CLANG_WARN_COMMA = YES;
				CLANG_WARN_CONSTANT_CONVERSION = YES;
				CLANG_WARN_DEPRECATED_OBJC_IMPLEMENTATIONS = YES;
				CLANG_WARN_DIRECT_OBJC_ISA_USAGE = YES_ERROR;
				CLANG_WARN_DOCUMENTATION_COMMENTS = YES;
				CLANG_WARN_EMPTY_BODY = YES;
				CLANG_WARN_ENUM_CONVERSION = YES;
				CLANG_WARN_INFINITE_RECURSION = YES;
				CLANG_WARN_INT_CONVERSION = YES;
				CLANG_WARN_NON_LITERAL_NULL_CONVERSION = YES;
				CLANG_WARN_OBJC_IMPLICIT_RETAIN_SELF = YES;
				CLANG_WARN_OBJC_LITERAL_CONVERSION = YES;
				CLANG_WARN_OBJC_ROOT_CLASS = YES_ERROR;
				CLANG_WARN_QUOTED_INCLUDE_IN_FRAMEWORK_HEADER = YES;
				CLANG_WARN_RANGE_LOOP_ANALYSIS = YES;
				CLANG_WARN_STRICT_PROTOTYPES = YES;
				CLANG_WARN_SUSPICIOUS_MOVE = YES;
				CLANG_WARN_UNGUARDED_AVAILABILITY = YES_AGGRESSIVE;
				CLANG_WARN_UNREACHABLE_CODE = YES;
				CLANG_WARN__DUPLICATE_METHOD_MATCH = YES;
				COPY_PHASE_STRIP = NO;
				DEBUG_INFORMATION_FORMAT = dwarf;
				ENABLE_STRICT_OBJC_MSGSEND = YES;
				ENABLE_TESTABILITY = YES;
				GCC_C_LANGUAGE_STANDARD = gnu11;
				GCC_DYNAMIC_NO_PIC = NO;
				GCC_NO_COMMON_BLOCKS = YES;
				GCC_OPTIMIZATION_LEVEL = 0;
				GCC_PREPROCESSOR_DEFINITIONS = (
					"DEBUG=1",
					"$(inherited)",
				);
				GCC_WARN_64_TO_32_BIT_CONVERSION = YES;
				GCC_WARN_ABOUT_RETURN_TYPE = YES_ERROR;
				GCC_WARN_UNDECLARED_SELECTOR = YES;
				GCC_WARN_UNINITIALIZED_AUTOS = YES_AGGRESSIVE;
				GCC_WARN_UNUSED_FUNCTION = YES;
				GCC_WARN_UNUSED_VARIABLE = YES;
				IPHONEOS_DEPLOYMENT_TARGET = 16.0;
				MTL_ENABLE_DEBUG_INFO = INCLUDE_SOURCE;
				MTL_FAST_MATH = YES;
				ONLY_ACTIVE_ARCH = YES;
				SDKROOT = iphoneos;
				SWIFT_ACTIVE_COMPILATION_CONDITIONS = DEBUG;
				SWIFT_OPTIMIZATION_LEVEL = "-Onone";
			};
			name = Debug;
		};
		51912A6028F04A650044686C /* Release */ = {
			isa = XCBuildConfiguration;
			buildSettings = {
				ALWAYS_SEARCH_USER_PATHS = NO;
				CLANG_ANALYZER_NONNULL = YES;
				CLANG_ANALYZER_NUMBER_OBJECT_CONVERSION = YES_AGGRESSIVE;
				CLANG_CXX_LANGUAGE_STANDARD = "gnu++20";
				CLANG_ENABLE_MODULES = YES;
				CLANG_ENABLE_OBJC_ARC = YES;
				CLANG_ENABLE_OBJC_WEAK = YES;
				CLANG_WARN_BLOCK_CAPTURE_AUTORELEASING = YES;
				CLANG_WARN_BOOL_CONVERSION = YES;
				CLANG_WARN_COMMA = YES;
				CLANG_WARN_CONSTANT_CONVERSION = YES;
				CLANG_WARN_DEPRECATED_OBJC_IMPLEMENTATIONS = YES;
				CLANG_WARN_DIRECT_OBJC_ISA_USAGE = YES_ERROR;
				CLANG_WARN_DOCUMENTATION_COMMENTS = YES;
				CLANG_WARN_EMPTY_BODY = YES;
				CLANG_WARN_ENUM_CONVERSION = YES;
				CLANG_WARN_INFINITE_RECURSION = YES;
				CLANG_WARN_INT_CONVERSION = YES;
				CLANG_WARN_NON_LITERAL_NULL_CONVERSION = YES;
				CLANG_WARN_OBJC_IMPLICIT_RETAIN_SELF = YES;
				CLANG_WARN_OBJC_LITERAL_CONVERSION = YES;
				CLANG_WARN_OBJC_ROOT_CLASS = YES_ERROR;
				CLANG_WARN_QUOTED_INCLUDE_IN_FRAMEWORK_HEADER = YES;
				CLANG_WARN_RANGE_LOOP_ANALYSIS = YES;
				CLANG_WARN_STRICT_PROTOTYPES = YES;
				CLANG_WARN_SUSPICIOUS_MOVE = YES;
				CLANG_WARN_UNGUARDED_AVAILABILITY = YES_AGGRESSIVE;
				CLANG_WARN_UNREACHABLE_CODE = YES;
				CLANG_WARN__DUPLICATE_METHOD_MATCH = YES;
				COPY_PHASE_STRIP = NO;
				DEBUG_INFORMATION_FORMAT = "dwarf-with-dsym";
				ENABLE_NS_ASSERTIONS = NO;
				ENABLE_STRICT_OBJC_MSGSEND = YES;
				GCC_C_LANGUAGE_STANDARD = gnu11;
				GCC_NO_COMMON_BLOCKS = YES;
				GCC_WARN_64_TO_32_BIT_CONVERSION = YES;
				GCC_WARN_ABOUT_RETURN_TYPE = YES_ERROR;
				GCC_WARN_UNDECLARED_SELECTOR = YES;
				GCC_WARN_UNINITIALIZED_AUTOS = YES_AGGRESSIVE;
				GCC_WARN_UNUSED_FUNCTION = YES;
				GCC_WARN_UNUSED_VARIABLE = YES;
				IPHONEOS_DEPLOYMENT_TARGET = 16.0;
				MTL_ENABLE_DEBUG_INFO = NO;
				MTL_FAST_MATH = YES;
				SDKROOT = iphoneos;
				SWIFT_COMPILATION_MODE = wholemodule;
				SWIFT_OPTIMIZATION_LEVEL = "-O";
				VALIDATE_PRODUCT = YES;
			};
			name = Release;
		};
		51912A6228F04A650044686C /* Debug */ = {
			isa = XCBuildConfiguration;
			buildSettings = {
				ASSETCATALOG_COMPILER_APPICON_NAME = AppIcon;
				ASSETCATALOG_COMPILER_GLOBAL_ACCENT_COLOR_NAME = AccentColor;
				CODE_SIGN_STYLE = Automatic;
				CURRENT_PROJECT_VERSION = 1;
				DEVELOPMENT_TEAM = 9VK5X7UCC2;
				GENERATE_INFOPLIST_FILE = YES;
				INFOPLIST_FILE = GolfAppMuster/Info.plist;
				INFOPLIST_KEY_UIApplicationSupportsIndirectInputEvents = YES;
				INFOPLIST_KEY_UILaunchStoryboardName = LaunchScreen;
				INFOPLIST_KEY_UIMainStoryboardFile = Main;
				INFOPLIST_KEY_UISupportedInterfaceOrientations_iPad = "UIInterfaceOrientationPortrait UIInterfaceOrientationPortraitUpsideDown UIInterfaceOrientationLandscapeLeft UIInterfaceOrientationLandscapeRight";
				INFOPLIST_KEY_UISupportedInterfaceOrientations_iPhone = "UIInterfaceOrientationPortrait UIInterfaceOrientationLandscapeLeft UIInterfaceOrientationLandscapeRight";
				LD_RUNPATH_SEARCH_PATHS = (
					"$(inherited)",
					"@executable_path/Frameworks",
				);
				MARKETING_VERSION = 1.0;
				PRODUCT_BUNDLE_IDENTIFIER = "de.syntax-institut.GolfAppMuster";
				PRODUCT_NAME = "$(TARGET_NAME)";
				SWIFT_EMIT_LOC_STRINGS = YES;
				SWIFT_VERSION = 5.0;
				TARGETED_DEVICE_FAMILY = "1,2";
			};
			name = Debug;
		};
		51912A6328F04A650044686C /* Release */ = {
			isa = XCBuildConfiguration;
			buildSettings = {
				ASSETCATALOG_COMPILER_APPICON_NAME = AppIcon;
				ASSETCATALOG_COMPILER_GLOBAL_ACCENT_COLOR_NAME = AccentColor;
				CODE_SIGN_STYLE = Automatic;
				CURRENT_PROJECT_VERSION = 1;
				DEVELOPMENT_TEAM = 9VK5X7UCC2;
				GENERATE_INFOPLIST_FILE = YES;
				INFOPLIST_FILE = GolfAppMuster/Info.plist;
				INFOPLIST_KEY_UIApplicationSupportsIndirectInputEvents = YES;
				INFOPLIST_KEY_UILaunchStoryboardName = LaunchScreen;
				INFOPLIST_KEY_UIMainStoryboardFile = Main;
				INFOPLIST_KEY_UISupportedInterfaceOrientations_iPad = "UIInterfaceOrientationPortrait UIInterfaceOrientationPortraitUpsideDown UIInterfaceOrientationLandscapeLeft UIInterfaceOrientationLandscapeRight";
				INFOPLIST_KEY_UISupportedInterfaceOrientations_iPhone = "UIInterfaceOrientationPortrait UIInterfaceOrientationLandscapeLeft UIInterfaceOrientationLandscapeRight";
				LD_RUNPATH_SEARCH_PATHS = (
					"$(inherited)",
					"@executable_path/Frameworks",
				);
				MARKETING_VERSION = 1.0;
				PRODUCT_BUNDLE_IDENTIFIER = "de.syntax-institut.GolfAppMuster";
				PRODUCT_NAME = "$(TARGET_NAME)";
				SWIFT_EMIT_LOC_STRINGS = YES;
				SWIFT_VERSION = 5.0;
				TARGETED_DEVICE_FAMILY = "1,2";
			};
			name = Release;
		};
/* End XCBuildConfiguration section */

/* Begin XCConfigurationList section */
		51912A4528F04A650044686C /* Build configuration list for PBXProject "GolfAppMuster" */ = {
			isa = XCConfigurationList;
			buildConfigurations = (
				51912A5F28F04A650044686C /* Debug */,
				51912A6028F04A650044686C /* Release */,
			);
			defaultConfigurationIsVisible = 0;
			defaultConfigurationName = Release;
		};
		51912A6128F04A650044686C /* Build configuration list for PBXNativeTarget "GolfAppMuster" */ = {
			isa = XCConfigurationList;
			buildConfigurations = (
				51912A6228F04A650044686C /* Debug */,
				51912A6328F04A650044686C /* Release */,
			);
			defaultConfigurationIsVisible = 0;
			defaultConfigurationName = Release;
		};
/* End XCConfigurationList section */

/* Begin XCVersionGroup section */
		51912A5628F04A650044686C /* GolfAppMuster.xcdatamodeld */ = {
			isa = XCVersionGroup;
			children = (
				51912A5728F04A650044686C /* GolfAppMuster.xcdatamodel */,
			);
			currentVersion = 51912A5728F04A650044686C /* GolfAppMuster.xcdatamodel */;
			path = GolfAppMuster.xcdatamodeld;
			sourceTree = "<group>";
			versionGroupType = wrapper.xcdatamodel;
		};
/* End XCVersionGroup section */
	};
	rootObject = 51912A4228F04A650044686C /* Project object */;
}
